// !$*UTF8*$!
{
	archiveVersion = 1;
	classes = {
	};
	objectVersion = 46;
	objects = {

/* Begin PBXBuildFile section */
		046AD5AF145B509600DB64F4 /* CoreFoundation.framework in Frameworks */ = {isa = PBXBuildFile; fileRef = 046AD5AE145B509600DB64F4 /* CoreFoundation.framework */; };
		046AD5E9145C178500DB64F4 /* CFNetwork.framework in Frameworks */ = {isa = PBXBuildFile; fileRef = 046AD5E8145C178500DB64F4 /* CFNetwork.framework */; };
		046AD5EB145C179900DB64F4 /* SystemConfiguration.framework in Frameworks */ = {isa = PBXBuildFile; fileRef = 046AD5EA145C179900DB64F4 /* SystemConfiguration.framework */; };
		046AD5ED145C17A200DB64F4 /* MobileCoreServices.framework in Frameworks */ = {isa = PBXBuildFile; fileRef = 046AD5EC145C17A200DB64F4 /* MobileCoreServices.framework */; };
		046AD618145C2A5800DB64F4 /* libz.dylib in Frameworks */ = {isa = PBXBuildFile; fileRef = 046AD615145C2A2B00DB64F4 /* libz.dylib */; };
		046AD62D145C2B5A00DB64F4 /* ASIAuthenticationDialog.m in Sources */ = {isa = PBXBuildFile; fileRef = 046AD61A145C2B5A00DB64F4 /* ASIAuthenticationDialog.m */; };
		046AD62E145C2B5A00DB64F4 /* ASIDataCompressor.m in Sources */ = {isa = PBXBuildFile; fileRef = 046AD61D145C2B5A00DB64F4 /* ASIDataCompressor.m */; };
		046AD62F145C2B5A00DB64F4 /* ASIDataDecompressor.m in Sources */ = {isa = PBXBuildFile; fileRef = 046AD61F145C2B5A00DB64F4 /* ASIDataDecompressor.m */; };
		046AD630145C2B5A00DB64F4 /* ASIDownloadCache.m in Sources */ = {isa = PBXBuildFile; fileRef = 046AD621145C2B5A00DB64F4 /* ASIDownloadCache.m */; };
		046AD631145C2B5A00DB64F4 /* ASIFormDataRequest.m in Sources */ = {isa = PBXBuildFile; fileRef = 046AD623145C2B5A00DB64F4 /* ASIFormDataRequest.m */; };
		046AD632145C2B5A00DB64F4 /* ASIHTTPRequest.m in Sources */ = {isa = PBXBuildFile; fileRef = 046AD625145C2B5A00DB64F4 /* ASIHTTPRequest.m */; };
		046AD633145C2B5A00DB64F4 /* ASIInputStream.m in Sources */ = {isa = PBXBuildFile; fileRef = 046AD629145C2B5A00DB64F4 /* ASIInputStream.m */; };
		046AD634145C2B5A00DB64F4 /* ASINetworkQueue.m in Sources */ = {isa = PBXBuildFile; fileRef = 046AD62B145C2B5A00DB64F4 /* ASINetworkQueue.m */; };
		046AD63C145C2F3A00DB64F4 /* Reachability.m in Sources */ = {isa = PBXBuildFile; fileRef = 046AD63B145C2F3A00DB64F4 /* Reachability.m */; };
		046AD644145C319200DB64F4 /* libxml2.dylib in Frameworks */ = {isa = PBXBuildFile; fileRef = 046AD643145C319200DB64F4 /* libxml2.dylib */; };
		046AD649145C59EE00DB64F4 /* AQPlayer.m in Sources */ = {isa = PBXBuildFile; fileRef = 046AD646145C59EE00DB64F4 /* AQPlayer.m */; };
		046AD64A145C59EE00DB64F4 /* AQRecorder.m in Sources */ = {isa = PBXBuildFile; fileRef = 046AD648145C59EE00DB64F4 /* AQRecorder.m */; };
		046AD6A5145C9E4100DB64F4 /* megaphone.png in Resources */ = {isa = PBXBuildFile; fileRef = 046AD6A3145C9E4100DB64F4 /* megaphone.png */; };
		046AD6A6145C9E4100DB64F4 /* megaphone@2x.png in Resources */ = {isa = PBXBuildFile; fileRef = 046AD6A4145C9E4100DB64F4 /* megaphone@2x.png */; };
		04AA04EE145DA049006F3CAC /* Icon.png in Resources */ = {isa = PBXBuildFile; fileRef = 04AA04EB145DA049006F3CAC /* Icon.png */; };
		04AA04EF145DA049006F3CAC /* Icon@2x.png in Resources */ = {isa = PBXBuildFile; fileRef = 04AA04EC145DA049006F3CAC /* Icon@2x.png */; };
		04AA04F0145DA049006F3CAC /* ItunesArtwork in Resources */ = {isa = PBXBuildFile; fileRef = 04AA04ED145DA049006F3CAC /* ItunesArtwork */; };
		04AA04F2145DA060006F3CAC /* Default.png in Resources */ = {isa = PBXBuildFile; fileRef = 04AA04F1145DA060006F3CAC /* Default.png */; };
		04AA04F4145DA064006F3CAC /* Default@2x.png in Resources */ = {isa = PBXBuildFile; fileRef = 04AA04F3145DA064006F3CAC /* Default@2x.png */; };
		04AA04FA145DA216006F3CAC /* MessageUI.framework in Frameworks */ = {isa = PBXBuildFile; fileRef = 04AA04F9145DA216006F3CAC /* MessageUI.framework */; };
		04EF5EB4145B3C050075FD4F /* UIKit.framework in Frameworks */ = {isa = PBXBuildFile; fileRef = 04EF5EB3145B3C050075FD4F /* UIKit.framework */; };
		04EF5EB6145B3C050075FD4F /* Foundation.framework in Frameworks */ = {isa = PBXBuildFile; fileRef = 04EF5EB5145B3C050075FD4F /* Foundation.framework */; };
		04EF5EB8145B3C050075FD4F /* CoreGraphics.framework in Frameworks */ = {isa = PBXBuildFile; fileRef = 04EF5EB7145B3C050075FD4F /* CoreGraphics.framework */; };
		04EF5EBE145B3C050075FD4F /* InfoPlist.strings in Resources */ = {isa = PBXBuildFile; fileRef = 04EF5EBC145B3C050075FD4F /* InfoPlist.strings */; };
		04EF5EC0145B3C050075FD4F /* main.m in Sources */ = {isa = PBXBuildFile; fileRef = 04EF5EBF145B3C050075FD4F /* main.m */; };
		04EF5EC4145B3C050075FD4F /* AppDelegate.m in Sources */ = {isa = PBXBuildFile; fileRef = 04EF5EC3145B3C050075FD4F /* AppDelegate.m */; };
		04EF5EC7145B3C050075FD4F /* ViewController.m in Sources */ = {isa = PBXBuildFile; fileRef = 04EF5EC6145B3C050075FD4F /* ViewController.m */; };
		04EF5ECA145B3C050075FD4F /* ViewController_iPhone.xib in Resources */ = {isa = PBXBuildFile; fileRef = 04EF5EC8145B3C050075FD4F /* ViewController_iPhone.xib */; };
		04EF5ED5145B3C050075FD4F /* SenTestingKit.framework in Frameworks */ = {isa = PBXBuildFile; fileRef = 04EF5ED4145B3C050075FD4F /* SenTestingKit.framework */; };
		04EF5ED6145B3C050075FD4F /* UIKit.framework in Frameworks */ = {isa = PBXBuildFile; fileRef = 04EF5EB3145B3C050075FD4F /* UIKit.framework */; };
		04EF5ED7145B3C050075FD4F /* Foundation.framework in Frameworks */ = {isa = PBXBuildFile; fileRef = 04EF5EB5145B3C050075FD4F /* Foundation.framework */; };
		04EF5EDF145B3C050075FD4F /* InfoPlist.strings in Resources */ = {isa = PBXBuildFile; fileRef = 04EF5EDD145B3C050075FD4F /* InfoPlist.strings */; };
		04EF5EE2145B3C050075FD4F /* VoiceMessageTests.m in Sources */ = {isa = PBXBuildFile; fileRef = 04EF5EE1145B3C050075FD4F /* VoiceMessageTests.m */; };
		04EF5EF1145B3C830075FD4F /* CAStreamBasicDescription.cpp in Sources */ = {isa = PBXBuildFile; fileRef = 04EF5EEE145B3C830075FD4F /* CAStreamBasicDescription.cpp */; };
		04EF5EFB145B43C50075FD4F /* AudioToolbox.framework in Frameworks */ = {isa = PBXBuildFile; fileRef = 04EF5EFA145B43C50075FD4F /* AudioToolbox.framework */; };
/* End PBXBuildFile section */

/* Begin PBXContainerItemProxy section */
		04EF5ED8145B3C050075FD4F /* PBXContainerItemProxy */ = {
			isa = PBXContainerItemProxy;
			containerPortal = 04EF5EA6145B3C050075FD4F /* Project object */;
			proxyType = 1;
			remoteGlobalIDString = 04EF5EAE145B3C050075FD4F;
			remoteInfo = VoiceMessage;
		};
/* End PBXContainerItemProxy section */

/* Begin PBXFileReference section */
		0420FA47145CC5BE006FA273 /* Reachability.h */ = {isa = PBXFileReference; fileEncoding = 4; lastKnownFileType = sourcecode.c.h; path = Reachability.h; sourceTree = "<group>"; };
		046AD5AE145B509600DB64F4 /* CoreFoundation.framework */ = {isa = PBXFileReference; lastKnownFileType = wrapper.framework; name = CoreFoundation.framework; path = System/Library/Frameworks/CoreFoundation.framework; sourceTree = SDKROOT; };
		046AD5E8145C178500DB64F4 /* CFNetwork.framework */ = {isa = PBXFileReference; lastKnownFileType = wrapper.framework; name = CFNetwork.framework; path = System/Library/Frameworks/CFNetwork.framework; sourceTree = SDKROOT; };
		046AD5EA145C179900DB64F4 /* SystemConfiguration.framework */ = {isa = PBXFileReference; lastKnownFileType = wrapper.framework; name = SystemConfiguration.framework; path = System/Library/Frameworks/SystemConfiguration.framework; sourceTree = SDKROOT; };
		046AD5EC145C17A200DB64F4 /* MobileCoreServices.framework */ = {isa = PBXFileReference; lastKnownFileType = wrapper.framework; name = MobileCoreServices.framework; path = System/Library/Frameworks/MobileCoreServices.framework; sourceTree = SDKROOT; };
		046AD615145C2A2B00DB64F4 /* libz.dylib */ = {isa = PBXFileReference; lastKnownFileType = "compiled.mach-o.dylib"; name = libz.dylib; path = usr/lib/libz.dylib; sourceTree = SDKROOT; };
		046AD619145C2B5A00DB64F4 /* ASIAuthenticationDialog.h */ = {isa = PBXFileReference; explicitFileType = sourcecode.c.h; fileEncoding = 4; path = ASIAuthenticationDialog.h; sourceTree = "<group>"; };
		046AD61A145C2B5A00DB64F4 /* ASIAuthenticationDialog.m */ = {isa = PBXFileReference; fileEncoding = 4; lastKnownFileType = sourcecode.c.objc; path = ASIAuthenticationDialog.m; sourceTree = "<group>"; };
		046AD61B145C2B5A00DB64F4 /* ASICacheDelegate.h */ = {isa = PBXFileReference; explicitFileType = sourcecode.c.h; fileEncoding = 4; path = ASICacheDelegate.h; sourceTree = "<group>"; };
		046AD61C145C2B5A00DB64F4 /* ASIDataCompressor.h */ = {isa = PBXFileReference; explicitFileType = sourcecode.c.h; fileEncoding = 4; path = ASIDataCompressor.h; sourceTree = "<group>"; };
		046AD61D145C2B5A00DB64F4 /* ASIDataCompressor.m */ = {isa = PBXFileReference; explicitFileType = sourcecode.c.objc; fileEncoding = 4; path = ASIDataCompressor.m; sourceTree = "<group>"; };
		046AD61E145C2B5A00DB64F4 /* ASIDataDecompressor.h */ = {isa = PBXFileReference; explicitFileType = sourcecode.c.h; fileEncoding = 4; path = ASIDataDecompressor.h; sourceTree = "<group>"; };
		046AD61F145C2B5A00DB64F4 /* ASIDataDecompressor.m */ = {isa = PBXFileReference; fileEncoding = 4; lastKnownFileType = sourcecode.c.objc; path = ASIDataDecompressor.m; sourceTree = "<group>"; };
		046AD620145C2B5A00DB64F4 /* ASIDownloadCache.h */ = {isa = PBXFileReference; explicitFileType = sourcecode.c.h; fileEncoding = 4; path = ASIDownloadCache.h; sourceTree = "<group>"; };
		046AD621145C2B5A00DB64F4 /* ASIDownloadCache.m */ = {isa = PBXFileReference; fileEncoding = 4; lastKnownFileType = sourcecode.c.objc; path = ASIDownloadCache.m; sourceTree = "<group>"; };
		046AD622145C2B5A00DB64F4 /* ASIFormDataRequest.h */ = {isa = PBXFileReference; explicitFileType = sourcecode.c.h; fileEncoding = 4; path = ASIFormDataRequest.h; sourceTree = "<group>"; };
		046AD623145C2B5A00DB64F4 /* ASIFormDataRequest.m */ = {isa = PBXFileReference; fileEncoding = 4; lastKnownFileType = sourcecode.c.objc; path = ASIFormDataRequest.m; sourceTree = "<group>"; };
		046AD624145C2B5A00DB64F4 /* ASIHTTPRequest.h */ = {isa = PBXFileReference; explicitFileType = sourcecode.c.h; fileEncoding = 4; path = ASIHTTPRequest.h; sourceTree = "<group>"; };
		046AD625145C2B5A00DB64F4 /* ASIHTTPRequest.m */ = {isa = PBXFileReference; explicitFileType = sourcecode.c.objc; fileEncoding = 4; path = ASIHTTPRequest.m; sourceTree = "<group>"; };
		046AD626145C2B5A00DB64F4 /* ASIHTTPRequestConfig.h */ = {isa = PBXFileReference; explicitFileType = sourcecode.c.h; fileEncoding = 4; path = ASIHTTPRequestConfig.h; sourceTree = "<group>"; };
		046AD627145C2B5A00DB64F4 /* ASIHTTPRequestDelegate.h */ = {isa = PBXFileReference; explicitFileType = sourcecode.c.h; fileEncoding = 4; path = ASIHTTPRequestDelegate.h; sourceTree = "<group>"; };
		046AD628145C2B5A00DB64F4 /* ASIInputStream.h */ = {isa = PBXFileReference; explicitFileType = sourcecode.c.h; fileEncoding = 4; path = ASIInputStream.h; sourceTree = "<group>"; };
		046AD629145C2B5A00DB64F4 /* ASIInputStream.m */ = {isa = PBXFileReference; fileEncoding = 4; lastKnownFileType = sourcecode.c.objc; path = ASIInputStream.m; sourceTree = "<group>"; };
		046AD62A145C2B5A00DB64F4 /* ASINetworkQueue.h */ = {isa = PBXFileReference; explicitFileType = sourcecode.c.h; fileEncoding = 4; path = ASINetworkQueue.h; sourceTree = "<group>"; };
		046AD62B145C2B5A00DB64F4 /* ASINetworkQueue.m */ = {isa = PBXFileReference; fileEncoding = 4; lastKnownFileType = sourcecode.c.objc; path = ASINetworkQueue.m; sourceTree = "<group>"; };
		046AD62C145C2B5A00DB64F4 /* ASIProgressDelegate.h */ = {isa = PBXFileReference; explicitFileType = sourcecode.c.h; fileEncoding = 4; path = ASIProgressDelegate.h; sourceTree = "<group>"; };
		046AD63B145C2F3A00DB64F4 /* Reachability.m */ = {isa = PBXFileReference; fileEncoding = 4; lastKnownFileType = sourcecode.c.objc; path = Reachability.m; sourceTree = "<group>"; };
		046AD643145C319200DB64F4 /* libxml2.dylib */ = {isa = PBXFileReference; lastKnownFileType = "compiled.mach-o.dylib"; name = libxml2.dylib; path = usr/lib/libxml2.dylib; sourceTree = SDKROOT; };
		046AD645145C59EE00DB64F4 /* AQPlayer.h */ = {isa = PBXFileReference; fileEncoding = 4; lastKnownFileType = sourcecode.c.h; path = AQPlayer.h; sourceTree = "<group>"; };
		046AD646145C59EE00DB64F4 /* AQPlayer.m */ = {isa = PBXFileReference; fileEncoding = 4; lastKnownFileType = sourcecode.c.objc; path = AQPlayer.m; sourceTree = "<group>"; };
		046AD647145C59EE00DB64F4 /* AQRecorder.h */ = {isa = PBXFileReference; fileEncoding = 4; lastKnownFileType = sourcecode.c.h; path = AQRecorder.h; sourceTree = "<group>"; };
		046AD648145C59EE00DB64F4 /* AQRecorder.m */ = {isa = PBXFileReference; fileEncoding = 4; lastKnownFileType = sourcecode.c.objc; path = AQRecorder.m; sourceTree = "<group>"; };
		046AD6A3145C9E4100DB64F4 /* megaphone.png */ = {isa = PBXFileReference; lastKnownFileType = image.png; path = megaphone.png; sourceTree = "<group>"; };
		046AD6A4145C9E4100DB64F4 /* megaphone@2x.png */ = {isa = PBXFileReference; lastKnownFileType = image.png; path = "megaphone@2x.png"; sourceTree = "<group>"; };
		04AA04EB145DA049006F3CAC /* Icon.png */ = {isa = PBXFileReference; lastKnownFileType = image.png; path = Icon.png; sourceTree = "<group>"; };
		04AA04EC145DA049006F3CAC /* Icon@2x.png */ = {isa = PBXFileReference; lastKnownFileType = image.png; path = "Icon@2x.png"; sourceTree = "<group>"; };
		04AA04ED145DA049006F3CAC /* ItunesArtwork */ = {isa = PBXFileReference; lastKnownFileType = file; path = ItunesArtwork; sourceTree = "<group>"; };
		04AA04F1145DA060006F3CAC /* Default.png */ = {isa = PBXFileReference; lastKnownFileType = image.png; path = Default.png; sourceTree = "<group>"; };
		04AA04F3145DA064006F3CAC /* Default@2x.png */ = {isa = PBXFileReference; lastKnownFileType = image.png; path = "Default@2x.png"; sourceTree = "<group>"; };
		04AA04F9145DA216006F3CAC /* MessageUI.framework */ = {isa = PBXFileReference; lastKnownFileType = wrapper.framework; name = MessageUI.framework; path = System/Library/Frameworks/MessageUI.framework; sourceTree = SDKROOT; };
		04EF5EAF145B3C050075FD4F /* voicemessage.app */ = {isa = PBXFileReference; explicitFileType = wrapper.application; includeInIndex = 0; path = voicemessage.app; sourceTree = BUILT_PRODUCTS_DIR; };
		04EF5EB3145B3C050075FD4F /* UIKit.framework */ = {isa = PBXFileReference; lastKnownFileType = wrapper.framework; name = UIKit.framework; path = System/Library/Frameworks/UIKit.framework; sourceTree = SDKROOT; };
		04EF5EB5145B3C050075FD4F /* Foundation.framework */ = {isa = PBXFileReference; lastKnownFileType = wrapper.framework; name = Foundation.framework; path = System/Library/Frameworks/Foundation.framework; sourceTree = SDKROOT; };
		04EF5EB7145B3C050075FD4F /* CoreGraphics.framework */ = {isa = PBXFileReference; lastKnownFileType = wrapper.framework; name = CoreGraphics.framework; path = System/Library/Frameworks/CoreGraphics.framework; sourceTree = SDKROOT; };
		04EF5EBB145B3C050075FD4F /* VoiceMessage-Info.plist */ = {isa = PBXFileReference; lastKnownFileType = text.plist.xml; path = "VoiceMessage-Info.plist"; sourceTree = "<group>"; };
		04EF5EBD145B3C050075FD4F /* en */ = {isa = PBXFileReference; lastKnownFileType = text.plist.strings; name = en; path = en.lproj/InfoPlist.strings; sourceTree = "<group>"; };
		04EF5EBF145B3C050075FD4F /* main.m */ = {isa = PBXFileReference; lastKnownFileType = sourcecode.c.objc; path = main.m; sourceTree = "<group>"; };
		04EF5EC1145B3C050075FD4F /* VoiceMessage-Prefix.pch */ = {isa = PBXFileReference; lastKnownFileType = sourcecode.c.h; path = "VoiceMessage-Prefix.pch"; sourceTree = "<group>"; };
		04EF5EC2145B3C050075FD4F /* AppDelegate.h */ = {isa = PBXFileReference; lastKnownFileType = sourcecode.c.h; path = AppDelegate.h; sourceTree = "<group>"; };
		04EF5EC3145B3C050075FD4F /* AppDelegate.m */ = {isa = PBXFileReference; lastKnownFileType = sourcecode.c.objc; path = AppDelegate.m; sourceTree = "<group>"; };
		04EF5EC5145B3C050075FD4F /* ViewController.h */ = {isa = PBXFileReference; lastKnownFileType = sourcecode.c.h; path = ViewController.h; sourceTree = "<group>"; };
		04EF5EC6145B3C050075FD4F /* ViewController.m */ = {isa = PBXFileReference; lastKnownFileType = sourcecode.c.objc; path = ViewController.m; sourceTree = "<group>"; };
		04EF5EC9145B3C050075FD4F /* en */ = {isa = PBXFileReference; lastKnownFileType = file.xib; name = en; path = en.lproj/ViewController_iPhone.xib; sourceTree = "<group>"; };
		04EF5ED3145B3C050075FD4F /* VoiceMessageTests.octest */ = {isa = PBXFileReference; explicitFileType = wrapper.cfbundle; includeInIndex = 0; path = VoiceMessageTests.octest; sourceTree = BUILT_PRODUCTS_DIR; };
		04EF5ED4145B3C050075FD4F /* SenTestingKit.framework */ = {isa = PBXFileReference; lastKnownFileType = wrapper.framework; name = SenTestingKit.framework; path = Library/Frameworks/SenTestingKit.framework; sourceTree = DEVELOPER_DIR; };
		04EF5EDC145B3C050075FD4F /* VoiceMessageTests-Info.plist */ = {isa = PBXFileReference; lastKnownFileType = text.plist.xml; path = "VoiceMessageTests-Info.plist"; sourceTree = "<group>"; };
		04EF5EDE145B3C050075FD4F /* en */ = {isa = PBXFileReference; lastKnownFileType = text.plist.strings; name = en; path = en.lproj/InfoPlist.strings; sourceTree = "<group>"; };
		04EF5EE0145B3C050075FD4F /* VoiceMessageTests.h */ = {isa = PBXFileReference; lastKnownFileType = sourcecode.c.h; path = VoiceMessageTests.h; sourceTree = "<group>"; };
		04EF5EE1145B3C050075FD4F /* VoiceMessageTests.m */ = {isa = PBXFileReference; lastKnownFileType = sourcecode.c.objc; path = VoiceMessageTests.m; sourceTree = "<group>"; };
		04EF5EEC145B3C830075FD4F /* CADebugMacros.h */ = {isa = PBXFileReference; fileEncoding = 4; lastKnownFileType = sourcecode.c.h; path = CADebugMacros.h; sourceTree = "<group>"; };
		04EF5EED145B3C830075FD4F /* CAMath.h */ = {isa = PBXFileReference; fileEncoding = 4; lastKnownFileType = sourcecode.c.h; path = CAMath.h; sourceTree = "<group>"; };
		04EF5EEE145B3C830075FD4F /* CAStreamBasicDescription.cpp */ = {isa = PBXFileReference; fileEncoding = 4; lastKnownFileType = sourcecode.cpp.cpp; path = CAStreamBasicDescription.cpp; sourceTree = "<group>"; };
		04EF5EEF145B3C830075FD4F /* CAStreamBasicDescription.h */ = {isa = PBXFileReference; fileEncoding = 4; lastKnownFileType = sourcecode.c.h; path = CAStreamBasicDescription.h; sourceTree = "<group>"; };
		04EF5EF0145B3C830075FD4F /* CAXException.h */ = {isa = PBXFileReference; fileEncoding = 4; lastKnownFileType = sourcecode.c.h; path = CAXException.h; sourceTree = "<group>"; };
		04EF5EF2145B3CD50075FD4F /* CADebugPrintf.h */ = {isa = PBXFileReference; fileEncoding = 4; lastKnownFileType = sourcecode.c.h; path = CADebugPrintf.h; sourceTree = "<group>"; };
		04EF5EFA145B43C50075FD4F /* AudioToolbox.framework */ = {isa = PBXFileReference; lastKnownFileType = wrapper.framework; name = AudioToolbox.framework; path = System/Library/Frameworks/AudioToolbox.framework; sourceTree = SDKROOT; };
/* End PBXFileReference section */

/* Begin PBXFrameworksBuildPhase section */
		04EF5EAC145B3C050075FD4F /* Frameworks */ = {
			isa = PBXFrameworksBuildPhase;
			buildActionMask = 2147483647;
			files = (
				04AA04FA145DA216006F3CAC /* MessageUI.framework in Frameworks */,
				046AD644145C319200DB64F4 /* libxml2.dylib in Frameworks */,
				04EF5EFB145B43C50075FD4F /* AudioToolbox.framework in Frameworks */,
				046AD5ED145C17A200DB64F4 /* MobileCoreServices.framework in Frameworks */,
				046AD5EB145C179900DB64F4 /* SystemConfiguration.framework in Frameworks */,
				046AD5E9145C178500DB64F4 /* CFNetwork.framework in Frameworks */,
				046AD5AF145B509600DB64F4 /* CoreFoundation.framework in Frameworks */,
				046AD618145C2A5800DB64F4 /* libz.dylib in Frameworks */,
				04EF5EB4145B3C050075FD4F /* UIKit.framework in Frameworks */,
				04EF5EB6145B3C050075FD4F /* Foundation.framework in Frameworks */,
				04EF5EB8145B3C050075FD4F /* CoreGraphics.framework in Frameworks */,
			);
			runOnlyForDeploymentPostprocessing = 0;
		};
		04EF5ECF145B3C050075FD4F /* Frameworks */ = {
			isa = PBXFrameworksBuildPhase;
			buildActionMask = 2147483647;
			files = (
				04EF5ED5145B3C050075FD4F /* SenTestingKit.framework in Frameworks */,
				04EF5ED6145B3C050075FD4F /* UIKit.framework in Frameworks */,
				04EF5ED7145B3C050075FD4F /* Foundation.framework in Frameworks */,
			);
			runOnlyForDeploymentPostprocessing = 0;
		};
/* End PBXFrameworksBuildPhase section */

/* Begin PBXGroup section */
		043C9070145CC505003FE9F0 /* ASIHTTPRequest */ = {
			isa = PBXGroup;
			children = (
				046AD619145C2B5A00DB64F4 /* ASIAuthenticationDialog.h */,
				046AD61A145C2B5A00DB64F4 /* ASIAuthenticationDialog.m */,
				046AD61B145C2B5A00DB64F4 /* ASICacheDelegate.h */,
				046AD61C145C2B5A00DB64F4 /* ASIDataCompressor.h */,
				046AD61D145C2B5A00DB64F4 /* ASIDataCompressor.m */,
				046AD61E145C2B5A00DB64F4 /* ASIDataDecompressor.h */,
				046AD61F145C2B5A00DB64F4 /* ASIDataDecompressor.m */,
				046AD620145C2B5A00DB64F4 /* ASIDownloadCache.h */,
				046AD621145C2B5A00DB64F4 /* ASIDownloadCache.m */,
				046AD622145C2B5A00DB64F4 /* ASIFormDataRequest.h */,
				046AD623145C2B5A00DB64F4 /* ASIFormDataRequest.m */,
				046AD624145C2B5A00DB64F4 /* ASIHTTPRequest.h */,
				046AD625145C2B5A00DB64F4 /* ASIHTTPRequest.m */,
				046AD626145C2B5A00DB64F4 /* ASIHTTPRequestConfig.h */,
				046AD627145C2B5A00DB64F4 /* ASIHTTPRequestDelegate.h */,
				046AD628145C2B5A00DB64F4 /* ASIInputStream.h */,
				046AD629145C2B5A00DB64F4 /* ASIInputStream.m */,
				046AD62A145C2B5A00DB64F4 /* ASINetworkQueue.h */,
				046AD62B145C2B5A00DB64F4 /* ASINetworkQueue.m */,
				046AD62C145C2B5A00DB64F4 /* ASIProgressDelegate.h */,
				0420FA47145CC5BE006FA273 /* Reachability.h */,
				046AD63B145C2F3A00DB64F4 /* Reachability.m */,
			);
			name = ASIHTTPRequest;
			path = ..;
			sourceTree = "<group>";
		};
		04938759145CC54D0024E5E3 /* Resources */ = {
			isa = PBXGroup;
			children = (
				04AA04F3145DA064006F3CAC /* Default@2x.png */,
				04AA04F1145DA060006F3CAC /* Default.png */,
				04AA04EB145DA049006F3CAC /* Icon.png */,
				04AA04EC145DA049006F3CAC /* Icon@2x.png */,
				04AA04ED145DA049006F3CAC /* ItunesArtwork */,
				046AD6A3145C9E4100DB64F4 /* megaphone.png */,
				046AD6A4145C9E4100DB64F4 /* megaphone@2x.png */,
			);
			name = Resources;
			path = ..;
			sourceTree = "<group>";
		};
		04EF5EA4145B3C050075FD4F = {
			isa = PBXGroup;
			children = (
				04AA04F9145DA216006F3CAC /* MessageUI.framework */,
				04EF5EB9145B3C050075FD4F /* VoiceMessage */,
				04EF5EDA145B3C050075FD4F /* VoiceMessageTests */,
				04EF5EB2145B3C050075FD4F /* Frameworks */,
				04EF5EB0145B3C050075FD4F /* Products */,
			);
			sourceTree = "<group>";
		};
		04EF5EB0145B3C050075FD4F /* Products */ = {
			isa = PBXGroup;
			children = (
				04EF5EAF145B3C050075FD4F /* voicemessage.app */,
				04EF5ED3145B3C050075FD4F /* VoiceMessageTests.octest */,
			);
			name = Products;
			sourceTree = "<group>";
		};
		04EF5EB2145B3C050075FD4F /* Frameworks */ = {
			isa = PBXGroup;
			children = (
				046AD615145C2A2B00DB64F4 /* libz.dylib */,
				046AD643145C319200DB64F4 /* libxml2.dylib */,
				046AD5EC145C17A200DB64F4 /* MobileCoreServices.framework */,
				046AD5EA145C179900DB64F4 /* SystemConfiguration.framework */,
				046AD5E8145C178500DB64F4 /* CFNetwork.framework */,
				04EF5EFA145B43C50075FD4F /* AudioToolbox.framework */,
				046AD5AE145B509600DB64F4 /* CoreFoundation.framework */,
				04EF5EB3145B3C050075FD4F /* UIKit.framework */,
				04EF5EB5145B3C050075FD4F /* Foundation.framework */,
				04EF5EB7145B3C050075FD4F /* CoreGraphics.framework */,
				04EF5ED4145B3C050075FD4F /* SenTestingKit.framework */,
			);
			name = Frameworks;
			sourceTree = "<group>";
		};
		04EF5EB9145B3C050075FD4F /* VoiceMessage */ = {
			isa = PBXGroup;
			children = (
				04EF5F02145B453D0075FD4F /* Play & Record */,
				04938759145CC54D0024E5E3 /* Resources */,
				04EF5EC2145B3C050075FD4F /* AppDelegate.h */,
				04EF5EC3145B3C050075FD4F /* AppDelegate.m */,
				04EF5EC5145B3C050075FD4F /* ViewController.h */,
				04EF5EC6145B3C050075FD4F /* ViewController.m */,
				04EF5EC8145B3C050075FD4F /* ViewController_iPhone.xib */,
				04EF5EBA145B3C050075FD4F /* Supporting Files */,
			);
			path = VoiceMessage;
			sourceTree = "<group>";
		};
		04EF5EBA145B3C050075FD4F /* Supporting Files */ = {
			isa = PBXGroup;
			children = (
				043C9070145CC505003FE9F0 /* ASIHTTPRequest */,
				04EF5EEB145B3C2C0075FD4F /* IPublicUtility */,
				04EF5EBB145B3C050075FD4F /* VoiceMessage-Info.plist */,
				04EF5EBC145B3C050075FD4F /* InfoPlist.strings */,
				04EF5EBF145B3C050075FD4F /* main.m */,
				04EF5EC1145B3C050075FD4F /* VoiceMessage-Prefix.pch */,
			);
			name = "Supporting Files";
			sourceTree = "<group>";
		};
		04EF5EDA145B3C050075FD4F /* VoiceMessageTests */ = {
			isa = PBXGroup;
			children = (
				04EF5EE0145B3C050075FD4F /* VoiceMessageTests.h */,
				04EF5EE1145B3C050075FD4F /* VoiceMessageTests.m */,
				04EF5EDB145B3C050075FD4F /* Supporting Files */,
			);
			path = VoiceMessageTests;
			sourceTree = "<group>";
		};
		04EF5EDB145B3C050075FD4F /* Supporting Files */ = {
			isa = PBXGroup;
			children = (
				04EF5EDC145B3C050075FD4F /* VoiceMessageTests-Info.plist */,
				04EF5EDD145B3C050075FD4F /* InfoPlist.strings */,
			);
			name = "Supporting Files";
			sourceTree = "<group>";
		};
		04EF5EEB145B3C2C0075FD4F /* IPublicUtility */ = {
			isa = PBXGroup;
			children = (
				04EF5EF2145B3CD50075FD4F /* CADebugPrintf.h */,
				04EF5EEC145B3C830075FD4F /* CADebugMacros.h */,
				04EF5EED145B3C830075FD4F /* CAMath.h */,
				04EF5EEE145B3C830075FD4F /* CAStreamBasicDescription.cpp */,
				04EF5EEF145B3C830075FD4F /* CAStreamBasicDescription.h */,
				04EF5EF0145B3C830075FD4F /* CAXException.h */,
			);
			name = IPublicUtility;
			sourceTree = "<group>";
		};
		04EF5F02145B453D0075FD4F /* Play & Record */ = {
			isa = PBXGroup;
			children = (
				046AD645145C59EE00DB64F4 /* AQPlayer.h */,
				046AD646145C59EE00DB64F4 /* AQPlayer.m */,
				046AD647145C59EE00DB64F4 /* AQRecorder.h */,
				046AD648145C59EE00DB64F4 /* AQRecorder.m */,
			);
			name = "Play & Record";
			sourceTree = "<group>";
		};
/* End PBXGroup section */

/* Begin PBXNativeTarget section */
		04EF5EAE145B3C050075FD4F /* VoiceMessage */ = {
			isa = PBXNativeTarget;
			buildConfigurationList = 04EF5EE5145B3C050075FD4F /* Build configuration list for PBXNativeTarget "VoiceMessage" */;
			buildPhases = (
				04EF5EAB145B3C050075FD4F /* Sources */,
				04EF5EAC145B3C050075FD4F /* Frameworks */,
				04EF5EAD145B3C050075FD4F /* Resources */,
			);
			buildRules = (
			);
			dependencies = (
			);
			name = VoiceMessage;
			productName = VoiceMessage;
			productReference = 04EF5EAF145B3C050075FD4F /* voicemessage.app */;
			productType = "com.apple.product-type.application";
		};
		04EF5ED2145B3C050075FD4F /* VoiceMessageTests */ = {
			isa = PBXNativeTarget;
			buildConfigurationList = 04EF5EE8145B3C050075FD4F /* Build configuration list for PBXNativeTarget "VoiceMessageTests" */;
			buildPhases = (
				04EF5ECE145B3C050075FD4F /* Sources */,
				04EF5ECF145B3C050075FD4F /* Frameworks */,
				04EF5ED0145B3C050075FD4F /* Resources */,
				04EF5ED1145B3C050075FD4F /* ShellScript */,
			);
			buildRules = (
			);
			dependencies = (
				04EF5ED9145B3C050075FD4F /* PBXTargetDependency */,
			);
			name = VoiceMessageTests;
			productName = VoiceMessageTests;
			productReference = 04EF5ED3145B3C050075FD4F /* VoiceMessageTests.octest */;
			productType = "com.apple.product-type.bundle";
		};
/* End PBXNativeTarget section */

/* Begin PBXProject section */
		04EF5EA6145B3C050075FD4F /* Project object */ = {
			isa = PBXProject;
			attributes = {
				LastUpgradeCheck = 0420;
			};
			buildConfigurationList = 04EF5EA9145B3C050075FD4F /* Build configuration list for PBXProject "VoiceMessage" */;
			compatibilityVersion = "Xcode 3.2";
			developmentRegion = English;
			hasScannedForEncodings = 0;
			knownRegions = (
				en,
			);
			mainGroup = 04EF5EA4145B3C050075FD4F;
			productRefGroup = 04EF5EB0145B3C050075FD4F /* Products */;
			projectDirPath = "";
			projectRoot = "";
			targets = (
				04EF5EAE145B3C050075FD4F /* VoiceMessage */,
				04EF5ED2145B3C050075FD4F /* VoiceMessageTests */,
			);
		};
/* End PBXProject section */

/* Begin PBXResourcesBuildPhase section */
		04EF5EAD145B3C050075FD4F /* Resources */ = {
			isa = PBXResourcesBuildPhase;
			buildActionMask = 2147483647;
			files = (
				04EF5EBE145B3C050075FD4F /* InfoPlist.strings in Resources */,
				04EF5ECA145B3C050075FD4F /* ViewController_iPhone.xib in Resources */,
				046AD6A5145C9E4100DB64F4 /* megaphone.png in Resources */,
				046AD6A6145C9E4100DB64F4 /* megaphone@2x.png in Resources */,
				04AA04EE145DA049006F3CAC /* Icon.png in Resources */,
				04AA04EF145DA049006F3CAC /* Icon@2x.png in Resources */,
				04AA04F0145DA049006F3CAC /* ItunesArtwork in Resources */,
				04AA04F2145DA060006F3CAC /* Default.png in Resources */,
				04AA04F4145DA064006F3CAC /* Default@2x.png in Resources */,
			);
			runOnlyForDeploymentPostprocessing = 0;
		};
		04EF5ED0145B3C050075FD4F /* Resources */ = {
			isa = PBXResourcesBuildPhase;
			buildActionMask = 2147483647;
			files = (
				04EF5EDF145B3C050075FD4F /* InfoPlist.strings in Resources */,
			);
			runOnlyForDeploymentPostprocessing = 0;
		};
/* End PBXResourcesBuildPhase section */

/* Begin PBXShellScriptBuildPhase section */
		04EF5ED1145B3C050075FD4F /* ShellScript */ = {
			isa = PBXShellScriptBuildPhase;
			buildActionMask = 2147483647;
			files = (
			);
			inputPaths = (
			);
			outputPaths = (
			);
			runOnlyForDeploymentPostprocessing = 0;
			shellPath = /bin/sh;
			shellScript = "# Run the unit tests in this test bundle.\n\"${SYSTEM_DEVELOPER_DIR}/Tools/RunUnitTests\"\n";
		};
/* End PBXShellScriptBuildPhase section */

/* Begin PBXSourcesBuildPhase section */
		04EF5EAB145B3C050075FD4F /* Sources */ = {
			isa = PBXSourcesBuildPhase;
			buildActionMask = 2147483647;
			files = (
				04EF5EC0145B3C050075FD4F /* main.m in Sources */,
				04EF5EC4145B3C050075FD4F /* AppDelegate.m in Sources */,
				04EF5EC7145B3C050075FD4F /* ViewController.m in Sources */,
				04EF5EF1145B3C830075FD4F /* CAStreamBasicDescription.cpp in Sources */,
				046AD62D145C2B5A00DB64F4 /* ASIAuthenticationDialog.m in Sources */,
				046AD62E145C2B5A00DB64F4 /* ASIDataCompressor.m in Sources */,
				046AD62F145C2B5A00DB64F4 /* ASIDataDecompressor.m in Sources */,
				046AD630145C2B5A00DB64F4 /* ASIDownloadCache.m in Sources */,
				046AD631145C2B5A00DB64F4 /* ASIFormDataRequest.m in Sources */,
				046AD632145C2B5A00DB64F4 /* ASIHTTPRequest.m in Sources */,
				046AD633145C2B5A00DB64F4 /* ASIInputStream.m in Sources */,
				046AD634145C2B5A00DB64F4 /* ASINetworkQueue.m in Sources */,
				046AD63C145C2F3A00DB64F4 /* Reachability.m in Sources */,
				046AD649145C59EE00DB64F4 /* AQPlayer.m in Sources */,
				046AD64A145C59EE00DB64F4 /* AQRecorder.m in Sources */,
			);
			runOnlyForDeploymentPostprocessing = 0;
		};
		04EF5ECE145B3C050075FD4F /* Sources */ = {
			isa = PBXSourcesBuildPhase;
			buildActionMask = 2147483647;
			files = (
				04EF5EE2145B3C050075FD4F /* VoiceMessageTests.m in Sources */,
			);
			runOnlyForDeploymentPostprocessing = 0;
		};
/* End PBXSourcesBuildPhase section */

/* Begin PBXTargetDependency section */
		04EF5ED9145B3C050075FD4F /* PBXTargetDependency */ = {
			isa = PBXTargetDependency;
			target = 04EF5EAE145B3C050075FD4F /* VoiceMessage */;
			targetProxy = 04EF5ED8145B3C050075FD4F /* PBXContainerItemProxy */;
		};
/* End PBXTargetDependency section */

/* Begin PBXVariantGroup section */
		04EF5EBC145B3C050075FD4F /* InfoPlist.strings */ = {
			isa = PBXVariantGroup;
			children = (
				04EF5EBD145B3C050075FD4F /* en */,
			);
			name = InfoPlist.strings;
			sourceTree = "<group>";
		};
		04EF5EC8145B3C050075FD4F /* ViewController_iPhone.xib */ = {
			isa = PBXVariantGroup;
			children = (
				04EF5EC9145B3C050075FD4F /* en */,
			);
			name = ViewController_iPhone.xib;
			sourceTree = "<group>";
		};
		04EF5EDD145B3C050075FD4F /* InfoPlist.strings */ = {
			isa = PBXVariantGroup;
			children = (
				04EF5EDE145B3C050075FD4F /* en */,
			);
			name = InfoPlist.strings;
			sourceTree = "<group>";
		};
/* End PBXVariantGroup section */

/* Begin XCBuildConfiguration section */
		04EF5EE3145B3C050075FD4F /* Debug */ = {
			isa = XCBuildConfiguration;
			buildSettings = {
				ALWAYS_SEARCH_USER_PATHS = NO;
				ARCHS = "$(ARCHS_STANDARD_32_BIT)";
				"CODE_SIGN_IDENTITY[sdk=iphoneos*]" = "iPhone Developer";
				COPY_PHASE_STRIP = NO;
				GCC_C_LANGUAGE_STANDARD = gnu99;
				GCC_DYNAMIC_NO_PIC = NO;
				GCC_OPTIMIZATION_LEVEL = 0;
				GCC_PREPROCESSOR_DEFINITIONS = (
					"DEBUG=1",
					"$(inherited)",
				);
				GCC_SYMBOLS_PRIVATE_EXTERN = NO;
				GCC_VERSION = com.apple.compilers.llvm.clang.1_0;
				GCC_WARN_ABOUT_MISSING_PROTOTYPES = YES;
				GCC_WARN_ABOUT_RETURN_TYPE = YES;
				GCC_WARN_UNUSED_VARIABLE = YES;
				IPHONEOS_DEPLOYMENT_TARGET = 4.2;
				OTHER_CFLAGS = (
					"-x",
					"objective-c++",
				);
				SDKROOT = iphoneos;
				TARGETED_DEVICE_FAMILY = "1,2";
			};
			name = Debug;
		};
		04EF5EE4145B3C050075FD4F /* Release */ = {
			isa = XCBuildConfiguration;
			buildSettings = {
				ALWAYS_SEARCH_USER_PATHS = NO;
				ARCHS = "$(ARCHS_STANDARD_32_BIT)";
				"CODE_SIGN_IDENTITY[sdk=iphoneos*]" = "iPhone Developer";
				COPY_PHASE_STRIP = YES;
				GCC_C_LANGUAGE_STANDARD = gnu99;
				GCC_VERSION = com.apple.compilers.llvm.clang.1_0;
				GCC_WARN_ABOUT_MISSING_PROTOTYPES = YES;
				GCC_WARN_ABOUT_RETURN_TYPE = YES;
				GCC_WARN_UNUSED_VARIABLE = YES;
				IPHONEOS_DEPLOYMENT_TARGET = 4.2;
				OTHER_CFLAGS = (
					"-DNS_BLOCK_ASSERTIONS=1",
					"-x",
					"objective-c++",
				);
				SDKROOT = iphoneos;
				TARGETED_DEVICE_FAMILY = "1,2";
				VALIDATE_PRODUCT = YES;
			};
			name = Release;
		};
		04EF5EE6145B3C050075FD4F /* Debug */ = {
			isa = XCBuildConfiguration;
			buildSettings = {
				"CODE_SIGN_IDENTITY[sdk=iphoneos*]" = "iPhone Developer: Johan Karlsteen (L4NDK9NR36)";
				GCC_PRECOMPILE_PREFIX_HEADER = YES;
				GCC_PREFIX_HEADER = "VoiceMessage/VoiceMessage-Prefix.pch";
				GCC_VERSION = "";
				INFOPLIST_FILE = "VoiceMessage/VoiceMessage-Info.plist";
				IPHONEOS_DEPLOYMENT_TARGET = 5.0;
				PRODUCT_NAME = voicemessage;
				"PROVISIONING_PROFILE[sdk=iphoneos*]" = "37B58BB0-977E-4707-9546-979AFEDF1DC8";
				SDKROOT = iphoneos;
				TARGETED_DEVICE_FAMILY = 1;
				WRAPPER_EXTENSION = app;
			};
			name = Debug;
		};
		04EF5EE7145B3C050075FD4F /* Release */ = {
			isa = XCBuildConfiguration;
			buildSettings = {
				GCC_PRECOMPILE_PREFIX_HEADER = YES;
				GCC_PREFIX_HEADER = "VoiceMessage/VoiceMessage-Prefix.pch";
				GCC_VERSION = "";
				INFOPLIST_FILE = "VoiceMessage/VoiceMessage-Info.plist";
				IPHONEOS_DEPLOYMENT_TARGET = 5.0;
				PRODUCT_NAME = voicemessage;
				SDKROOT = iphoneos;
				TARGETED_DEVICE_FAMILY = 1;
				WRAPPER_EXTENSION = app;
			};
			name = Release;
		};
		04EF5EE9145B3C050075FD4F /* Debug */ = {
			isa = XCBuildConfiguration;
			buildSettings = {
				BUNDLE_LOADER = "$(BUILT_PRODUCTS_DIR)/VoiceMessage.app/VoiceMessage";
				FRAMEWORK_SEARCH_PATHS = (
					"$(SDKROOT)/Developer/Library/Frameworks",
					"$(DEVELOPER_LIBRARY_DIR)/Frameworks",
				);
				GCC_PRECOMPILE_PREFIX_HEADER = YES;
				GCC_PREFIX_HEADER = "VoiceMessage/VoiceMessage-Prefix.pch";
				INFOPLIST_FILE = "VoiceMessageTests/VoiceMessageTests-Info.plist";
				PRODUCT_NAME = "$(TARGET_NAME)";
				TEST_HOST = "$(BUNDLE_LOADER)";
				WRAPPER_EXTENSION = octest;
			};
			name = Debug;
		};
		04EF5EEA145B3C050075FD4F /* Release */ = {
			isa = XCBuildConfiguration;
			buildSettings = {
				BUNDLE_LOADER = "$(BUILT_PRODUCTS_DIR)/VoiceMessage.app/VoiceMessage";
				FRAMEWORK_SEARCH_PATHS = (
					"$(SDKROOT)/Developer/Library/Frameworks",
					"$(DEVELOPER_LIBRARY_DIR)/Frameworks",
				);
				GCC_PRECOMPILE_PREFIX_HEADER = YES;
				GCC_PREFIX_HEADER = "VoiceMessage/VoiceMessage-Prefix.pch";
				INFOPLIST_FILE = "VoiceMessageTests/VoiceMessageTests-Info.plist";
				PRODUCT_NAME = "$(TARGET_NAME)";
				TEST_HOST = "$(BUNDLE_LOADER)";
				WRAPPER_EXTENSION = octest;
			};
			name = Release;
		};
/* End XCBuildConfiguration section */

/* Begin XCConfigurationList section */
		04EF5EA9145B3C050075FD4F /* Build configuration list for PBXProject "VoiceMessage" */ = {
			isa = XCConfigurationList;
			buildConfigurations = (
				04EF5EE3145B3C050075FD4F /* Debug */,
				04EF5EE4145B3C050075FD4F /* Release */,
			);
			defaultConfigurationIsVisible = 0;
			defaultConfigurationName = Release;
		};
		04EF5EE5145B3C050075FD4F /* Build configuration list for PBXNativeTarget "VoiceMessage" */ = {
			isa = XCConfigurationList;
			buildConfigurations = (
				04EF5EE6145B3C050075FD4F /* Debug */,
				04EF5EE7145B3C050075FD4F /* Release */,
			);
			defaultConfigurationIsVisible = 0;
			defaultConfigurationName = Release;
		};
		04EF5EE8145B3C050075FD4F /* Build configuration list for PBXNativeTarget "VoiceMessageTests" */ = {
			isa = XCConfigurationList;
			buildConfigurations = (
				04EF5EE9145B3C050075FD4F /* Debug */,
				04EF5EEA145B3C050075FD4F /* Release */,
			);
			defaultConfigurationIsVisible = 0;
			defaultConfigurationName = Release;
		};
/* End XCConfigurationList section */
	};
	rootObject = 04EF5EA6145B3C050075FD4F /* Project object */;
}
